// !$*UTF8*$!
{
	archiveVersion = 1;
	classes = {
	};
	objectVersion = 42;
	objects = {

/* Begin PBXBuildFile section */
		351EB5060C3181940029583C /* ExternalSource.m in Sources */ = {isa = PBXBuildFile; fileRef = 351EB5040C3181940029583C /* ExternalSource.m */; };
		351EB51E0C3182580029583C /* ExternalSourcePrefPane.nib in Resources */ = {isa = PBXBuildFile; fileRef = 351EB51D0C3182580029583C /* ExternalSourcePrefPane.nib */; };
		351EB60A0C31C7950029583C /* Sources.m in Sources */ = {isa = PBXBuildFile; fileRef = 351EB6090C31C7950029583C /* Sources.m */; };
		353B40730C15CDC10020A379 /* Localizable.strings in Resources */ = {isa = PBXBuildFile; fileRef = 353B40720C15CDC10020A379 /* Localizable.strings */; };
		356FEF750C3EB2F300CDD4B0 /* License.pdf in Resources */ = {isa = PBXBuildFile; fileRef = 356FEF280C3EB2F300CDD4B0 /* License.pdf */; };
		356FEF770C3EB2F300CDD4B0 /* QuickLiteDatabaseExtras.m in Sources */ = {isa = PBXBuildFile; fileRef = 356FEF2D0C3EB2F300CDD4B0 /* QuickLiteDatabaseExtras.m */; };
		356FEF780C3EB2F300CDD4B0 /* QuickLiteCursor.m in Sources */ = {isa = PBXBuildFile; fileRef = 356FEF2F0C3EB2F300CDD4B0 /* QuickLiteCursor.m */; };
		356FEF790C3EB2F300CDD4B0 /* QuickLiteDatabase.m in Sources */ = {isa = PBXBuildFile; fileRef = 356FEF320C3EB2F300CDD4B0 /* QuickLiteDatabase.m */; };
		356FEF7A0C3EB2F300CDD4B0 /* QuickLiteGlobals.m in Sources */ = {isa = PBXBuildFile; fileRef = 356FEF350C3EB2F300CDD4B0 /* QuickLiteGlobals.m */; };
		356FEF7B0C3EB2F300CDD4B0 /* QuickLiteRow.m in Sources */ = {isa = PBXBuildFile; fileRef = 356FEF380C3EB2F300CDD4B0 /* QuickLiteRow.m */; };
		356FEF7D0C3EB2F300CDD4B0 /* alter.c in Sources */ = {isa = PBXBuildFile; fileRef = 356FEF3D0C3EB2F300CDD4B0 /* alter.c */; };
		356FEF7E0C3EB2F300CDD4B0 /* analyze.c in Sources */ = {isa = PBXBuildFile; fileRef = 356FEF3E0C3EB2F300CDD4B0 /* analyze.c */; };
		356FEF7F0C3EB2F300CDD4B0 /* attach.c in Sources */ = {isa = PBXBuildFile; fileRef = 356FEF3F0C3EB2F300CDD4B0 /* attach.c */; };
		356FEF800C3EB2F300CDD4B0 /* auth.c in Sources */ = {isa = PBXBuildFile; fileRef = 356FEF400C3EB2F300CDD4B0 /* auth.c */; };
		356FEF810C3EB2F300CDD4B0 /* btree.c in Sources */ = {isa = PBXBuildFile; fileRef = 356FEF410C3EB2F300CDD4B0 /* btree.c */; };
		356FEF820C3EB2F300CDD4B0 /* build.c in Sources */ = {isa = PBXBuildFile; fileRef = 356FEF430C3EB2F300CDD4B0 /* build.c */; };
		356FEF830C3EB2F300CDD4B0 /* callback.c in Sources */ = {isa = PBXBuildFile; fileRef = 356FEF440C3EB2F300CDD4B0 /* callback.c */; };
		356FEF840C3EB2F300CDD4B0 /* complete.c in Sources */ = {isa = PBXBuildFile; fileRef = 356FEF450C3EB2F300CDD4B0 /* complete.c */; };
		356FEF850C3EB2F300CDD4B0 /* date.c in Sources */ = {isa = PBXBuildFile; fileRef = 356FEF460C3EB2F300CDD4B0 /* date.c */; };
		356FEF860C3EB2F300CDD4B0 /* delete.c in Sources */ = {isa = PBXBuildFile; fileRef = 356FEF470C3EB2F300CDD4B0 /* delete.c */; };
		356FEF870C3EB2F300CDD4B0 /* expr.c in Sources */ = {isa = PBXBuildFile; fileRef = 356FEF480C3EB2F300CDD4B0 /* expr.c */; };
		356FEF880C3EB2F300CDD4B0 /* func.c in Sources */ = {isa = PBXBuildFile; fileRef = 356FEF490C3EB2F300CDD4B0 /* func.c */; };
		356FEF890C3EB2F300CDD4B0 /* hash.c in Sources */ = {isa = PBXBuildFile; fileRef = 356FEF4A0C3EB2F300CDD4B0 /* hash.c */; };
		356FEF8A0C3EB2F300CDD4B0 /* insert.c in Sources */ = {isa = PBXBuildFile; fileRef = 356FEF4C0C3EB2F300CDD4B0 /* insert.c */; };
		356FEF8B0C3EB2F300CDD4B0 /* legacy.c in Sources */ = {isa = PBXBuildFile; fileRef = 356FEF4E0C3EB2F300CDD4B0 /* legacy.c */; };
		356FEF8C0C3EB2F300CDD4B0 /* main.c in Sources */ = {isa = PBXBuildFile; fileRef = 356FEF4F0C3EB2F300CDD4B0 /* main.c */; };
		356FEF8D0C3EB2F300CDD4B0 /* opcodes.c in Sources */ = {isa = PBXBuildFile; fileRef = 356FEF500C3EB2F300CDD4B0 /* opcodes.c */; };
		356FEF8E0C3EB2F300CDD4B0 /* os_test.c in Sources */ = {isa = PBXBuildFile; fileRef = 356FEF540C3EB2F300CDD4B0 /* os_test.c */; };
		356FEF8F0C3EB2F300CDD4B0 /* os_unix.c in Sources */ = {isa = PBXBuildFile; fileRef = 356FEF560C3EB2F300CDD4B0 /* os_unix.c */; };
		356FEF900C3EB2F300CDD4B0 /* os_win.c in Sources */ = {isa = PBXBuildFile; fileRef = 356FEF580C3EB2F300CDD4B0 /* os_win.c */; };
		356FEF910C3EB2F300CDD4B0 /* pager.c in Sources */ = {isa = PBXBuildFile; fileRef = 356FEF5A0C3EB2F300CDD4B0 /* pager.c */; };
		356FEF920C3EB2F300CDD4B0 /* parse.c in Sources */ = {isa = PBXBuildFile; fileRef = 356FEF5C0C3EB2F300CDD4B0 /* parse.c */; };
		356FEF930C3EB2F300CDD4B0 /* pragma.c in Sources */ = {isa = PBXBuildFile; fileRef = 356FEF5E0C3EB2F300CDD4B0 /* pragma.c */; };
		356FEF940C3EB2F300CDD4B0 /* prepare.c in Sources */ = {isa = PBXBuildFile; fileRef = 356FEF5F0C3EB2F300CDD4B0 /* prepare.c */; };
		356FEF950C3EB2F300CDD4B0 /* printf.c in Sources */ = {isa = PBXBuildFile; fileRef = 356FEF600C3EB2F300CDD4B0 /* printf.c */; };
		356FEF960C3EB2F300CDD4B0 /* random.c in Sources */ = {isa = PBXBuildFile; fileRef = 356FEF610C3EB2F300CDD4B0 /* random.c */; };
		356FEF970C3EB2F300CDD4B0 /* select.c in Sources */ = {isa = PBXBuildFile; fileRef = 356FEF620C3EB2F300CDD4B0 /* select.c */; };
		356FEF980C3EB2F300CDD4B0 /* table.c in Sources */ = {isa = PBXBuildFile; fileRef = 356FEF650C3EB2F300CDD4B0 /* table.c */; };
		356FEF990C3EB2F300CDD4B0 /* tokenize.c in Sources */ = {isa = PBXBuildFile; fileRef = 356FEF660C3EB2F300CDD4B0 /* tokenize.c */; };
		356FEF9A0C3EB2F300CDD4B0 /* trigger.c in Sources */ = {isa = PBXBuildFile; fileRef = 356FEF670C3EB2F300CDD4B0 /* trigger.c */; };
		356FEF9B0C3EB2F300CDD4B0 /* update.c in Sources */ = {isa = PBXBuildFile; fileRef = 356FEF680C3EB2F300CDD4B0 /* update.c */; };
		356FEF9C0C3EB2F300CDD4B0 /* utf.c in Sources */ = {isa = PBXBuildFile; fileRef = 356FEF690C3EB2F300CDD4B0 /* utf.c */; };
		356FEF9D0C3EB2F300CDD4B0 /* util.c in Sources */ = {isa = PBXBuildFile; fileRef = 356FEF6A0C3EB2F300CDD4B0 /* util.c */; };
		356FEF9E0C3EB2F300CDD4B0 /* vacuum.c in Sources */ = {isa = PBXBuildFile; fileRef = 356FEF6B0C3EB2F300CDD4B0 /* vacuum.c */; };
		356FEF9F0C3EB2F300CDD4B0 /* vdbe.c in Sources */ = {isa = PBXBuildFile; fileRef = 356FEF6C0C3EB2F300CDD4B0 /* vdbe.c */; };
		356FEFA00C3EB2F300CDD4B0 /* vdbeapi.c in Sources */ = {isa = PBXBuildFile; fileRef = 356FEF6E0C3EB2F300CDD4B0 /* vdbeapi.c */; };
		356FEFA10C3EB2F300CDD4B0 /* vdbeaux.c in Sources */ = {isa = PBXBuildFile; fileRef = 356FEF6F0C3EB2F300CDD4B0 /* vdbeaux.c */; };
		356FEFA20C3EB2F300CDD4B0 /* vdbefifo.c in Sources */ = {isa = PBXBuildFile; fileRef = 356FEF700C3EB2F300CDD4B0 /* vdbefifo.c */; };
		356FEFA30C3EB2F300CDD4B0 /* vdbemem.c in Sources */ = {isa = PBXBuildFile; fileRef = 356FEF720C3EB2F300CDD4B0 /* vdbemem.c */; };
		356FEFA40C3EB2F300CDD4B0 /* where.c in Sources */ = {isa = PBXBuildFile; fileRef = 356FEF730C3EB2F300CDD4B0 /* where.c */; };
		356FF0DD0C3FBDAA00CDD4B0 /* Debug.m in Sources */ = {isa = PBXBuildFile; fileRef = 356FF0DC0C3FBDAA00CDD4B0 /* Debug.m */; };
		357EC7E90BF0B9630019A5ED /* Source.m in Sources */ = {isa = PBXBuildFile; fileRef = 357EC7DB0BF0B9630019A5ED /* Source.m */; };
		357EC7EA0BF0B9630019A5ED /* User.m in Sources */ = {isa = PBXBuildFile; fileRef = 357EC7DD0BF0B9630019A5ED /* User.m */; };
		357EC7EE0BF0B9630019A5ED /* UserFactory.m in Sources */ = {isa = PBXBuildFile; fileRef = 357EC7E70BF0B9630019A5ED /* UserFactory.m */; };
		357EC7FD0BF0BAFE0019A5ED /* Windows.m in Sources */ = {isa = PBXBuildFile; fileRef = 357EC7FC0BF0BAFE0019A5ED /* Windows.m */; };
		358A976B0BFC5DEA00A6D2F6 /* Default.png in Resources */ = {isa = PBXBuildFile; fileRef = 358A976A0BFC5DEA00A6D2F6 /* Default.png */; };
		358A97780BFC5FC000A6D2F6 /* AvatarView.m in Sources */ = {isa = PBXBuildFile; fileRef = 358A97760BFC5FC000A6D2F6 /* AvatarView.m */; };
		358A98500BFC8A7500A6D2F6 /* Radar.icns in Resources */ = {isa = PBXBuildFile; fileRef = 358A984F0BFC8A7500A6D2F6 /* Radar.icns */; };
		359266A20C0DDAA500BC54FB /* MainDrawer.m in Sources */ = {isa = PBXBuildFile; fileRef = 359266A10C0DDAA500BC54FB /* MainDrawer.m */; };
		359FD43C0C2FF6A1008FD586 /* AddressBook.framework in Frameworks */ = {isa = PBXBuildFile; fileRef = 359FD43B0C2FF6A1008FD586 /* AddressBook.framework */; };
		35CA1A0C0D19415800D9DAF3 /* SVNSource.m in Sources */ = {isa = PBXBuildFile; fileRef = 35CA1A0B0D19415800D9DAF3 /* SVNSource.m */; };
		35CA1A0E0D19417500D9DAF3 /* SVNSourcePrefPane.nib in Resources */ = {isa = PBXBuildFile; fileRef = 35CA1A0D0D19417500D9DAF3 /* SVNSourcePrefPane.nib */; };
		35EF651A0C2D20A700F83CA7 /* MailSource.m in Sources */ = {isa = PBXBuildFile; fileRef = 35EF65190C2D20A700F83CA7 /* MailSource.m */; };
		35EF65340C2D215F00F83CA7 /* Preferences.m in Sources */ = {isa = PBXBuildFile; fileRef = 35EF65330C2D215F00F83CA7 /* Preferences.m */; };
		35EF65980C2D234A00F83CA7 /* MailSourcePrefPane.nib in Resources */ = {isa = PBXBuildFile; fileRef = 35EF65970C2D234A00F83CA7 /* MailSourcePrefPane.nib */; };
		8D11072A0486CEB800E47090 /* MainMenu.nib in Resources */ = {isa = PBXBuildFile; fileRef = 29B97318FDCFA39411CA2CEA /* MainMenu.nib */; };
		8D11072B0486CEB800E47090 /* InfoPlist.strings in Resources */ = {isa = PBXBuildFile; fileRef = 089C165CFE840E0CC02AAC07 /* InfoPlist.strings */; };
		8D11072D0486CEB800E47090 /* main.m in Sources */ = {isa = PBXBuildFile; fileRef = 29B97316FDCFA39411CA2CEA /* main.m */; settings = {ATTRIBUTES = (); }; };
		8D11072F0486CEB800E47090 /* Cocoa.framework in Frameworks */ = {isa = PBXBuildFile; fileRef = 1058C7A1FEA54F0111CA2CBB /* Cocoa.framework */; };
/* End PBXBuildFile section */

/* Begin PBXFileReference section */
		089C165DFE840E0CC02AAC07 /* English */ = {isa = PBXFileReference; fileEncoding = 10; lastKnownFileType = text.plist.strings; name = English; path = English.lproj/InfoPlist.strings; sourceTree = "<group>"; };
		1058C7A1FEA54F0111CA2CBB /* Cocoa.framework */ = {isa = PBXFileReference; lastKnownFileType = wrapper.framework; name = Cocoa.framework; path = /System/Library/Frameworks/Cocoa.framework; sourceTree = "<absolute>"; };
		29B97316FDCFA39411CA2CEA /* main.m */ = {isa = PBXFileReference; fileEncoding = 4; lastKnownFileType = sourcecode.c.objc; path = main.m; sourceTree = "<group>"; };
		29B97319FDCFA39411CA2CEA /* English */ = {isa = PBXFileReference; lastKnownFileType = wrapper.nib; name = English; path = English.lproj/MainMenu.nib; sourceTree = "<group>"; };
		29B97324FDCFA39411CA2CEA /* AppKit.framework */ = {isa = PBXFileReference; lastKnownFileType = wrapper.framework; name = AppKit.framework; path = /System/Library/Frameworks/AppKit.framework; sourceTree = "<absolute>"; };
		29B97325FDCFA39411CA2CEA /* Foundation.framework */ = {isa = PBXFileReference; lastKnownFileType = wrapper.framework; name = Foundation.framework; path = /System/Library/Frameworks/Foundation.framework; sourceTree = "<absolute>"; };
		32CA4F630368D1EE00C91783 /* Radar_Prefix.pch */ = {isa = PBXFileReference; fileEncoding = 4; lastKnownFileType = sourcecode.c.h; path = Radar_Prefix.pch; sourceTree = "<group>"; };
		351EB5030C3181940029583C /* ExternalSource.h */ = {isa = PBXFileReference; fileEncoding = 30; lastKnownFileType = sourcecode.c.h; path = ExternalSource.h; sourceTree = "<group>"; };
		351EB5040C3181940029583C /* ExternalSource.m */ = {isa = PBXFileReference; fileEncoding = 30; lastKnownFileType = sourcecode.c.objc; path = ExternalSource.m; sourceTree = "<group>"; };
		351EB51D0C3182580029583C /* ExternalSourcePrefPane.nib */ = {isa = PBXFileReference; lastKnownFileType = wrapper.nib; path = ExternalSourcePrefPane.nib; sourceTree = "<group>"; };
		351EB6080C31C7950029583C /* Sources.h */ = {isa = PBXFileReference; fileEncoding = 4; lastKnownFileType = sourcecode.c.h; path = Sources.h; sourceTree = "<group>"; };
		351EB6090C31C7950029583C /* Sources.m */ = {isa = PBXFileReference; fileEncoding = 4; lastKnownFileType = sourcecode.c.objc; path = Sources.m; sourceTree = "<group>"; };
		353B40350C15CC500020A379 /* English */ = {isa = PBXFileReference; fileEncoding = 10; lastKnownFileType = text.plist.strings; name = English; path = English.lproj/Localizable.strings; sourceTree = "<group>"; };
		356E97A40C195BC000B60D23 /* Defines.h */ = {isa = PBXFileReference; fileEncoding = 4; lastKnownFileType = sourcecode.c.h; path = Defines.h; sourceTree = "<group>"; };
		356FEF280C3EB2F300CDD4B0 /* License.pdf */ = {isa = PBXFileReference; lastKnownFileType = image.pdf; path = License.pdf; sourceTree = "<group>"; };
		356FEF2C0C3EB2F300CDD4B0 /* QuickLiteDatabaseExtras.h */ = {isa = PBXFileReference; fileEncoding = 30; lastKnownFileType = sourcecode.c.h; path = QuickLiteDatabaseExtras.h; sourceTree = "<group>"; };
		356FEF2D0C3EB2F300CDD4B0 /* QuickLiteDatabaseExtras.m */ = {isa = PBXFileReference; fileEncoding = 30; lastKnownFileType = sourcecode.c.objc; path = QuickLiteDatabaseExtras.m; sourceTree = "<group>"; };
		356FEF2E0C3EB2F300CDD4B0 /* QuickLiteCursor.h */ = {isa = PBXFileReference; fileEncoding = 30; lastKnownFileType = sourcecode.c.h; path = QuickLiteCursor.h; sourceTree = "<group>"; };
		356FEF2F0C3EB2F300CDD4B0 /* QuickLiteCursor.m */ = {isa = PBXFileReference; fileEncoding = 30; lastKnownFileType = sourcecode.c.objc; path = QuickLiteCursor.m; sourceTree = "<group>"; };
		356FEF300C3EB2F300CDD4B0 /* QuickLiteCursorPrivate.h */ = {isa = PBXFileReference; fileEncoding = 30; lastKnownFileType = sourcecode.c.h; path = QuickLiteCursorPrivate.h; sourceTree = "<group>"; };
		356FEF310C3EB2F300CDD4B0 /* QuickLiteDatabase.h */ = {isa = PBXFileReference; fileEncoding = 30; lastKnownFileType = sourcecode.c.h; path = QuickLiteDatabase.h; sourceTree = "<group>"; };
		356FEF320C3EB2F300CDD4B0 /* QuickLiteDatabase.m */ = {isa = PBXFileReference; fileEncoding = 30; lastKnownFileType = sourcecode.c.objc; path = QuickLiteDatabase.m; sourceTree = "<group>"; };
		356FEF330C3EB2F300CDD4B0 /* QuickLiteDatabasePrivate.h */ = {isa = PBXFileReference; fileEncoding = 30; lastKnownFileType = sourcecode.c.h; path = QuickLiteDatabasePrivate.h; sourceTree = "<group>"; };
		356FEF340C3EB2F300CDD4B0 /* QuickLiteGlobals.h */ = {isa = PBXFileReference; fileEncoding = 30; lastKnownFileType = sourcecode.c.h; path = QuickLiteGlobals.h; sourceTree = "<group>"; };
		356FEF350C3EB2F300CDD4B0 /* QuickLiteGlobals.m */ = {isa = PBXFileReference; fileEncoding = 30; lastKnownFileType = sourcecode.c.objc; path = QuickLiteGlobals.m; sourceTree = "<group>"; };
		356FEF360C3EB2F300CDD4B0 /* QuickLiteGlobalsPrivate.h */ = {isa = PBXFileReference; fileEncoding = 30; lastKnownFileType = sourcecode.c.h; path = QuickLiteGlobalsPrivate.h; sourceTree = "<group>"; };
		356FEF370C3EB2F300CDD4B0 /* QuickLiteRow.h */ = {isa = PBXFileReference; fileEncoding = 30; lastKnownFileType = sourcecode.c.h; path = QuickLiteRow.h; sourceTree = "<group>"; };
		356FEF380C3EB2F300CDD4B0 /* QuickLiteRow.m */ = {isa = PBXFileReference; fileEncoding = 30; lastKnownFileType = sourcecode.c.objc; path = QuickLiteRow.m; sourceTree = "<group>"; };
		356FEF390C3EB2F300CDD4B0 /* QuickLiteRowPrivate.h */ = {isa = PBXFileReference; fileEncoding = 30; lastKnownFileType = sourcecode.c.h; path = QuickLiteRowPrivate.h; sourceTree = "<group>"; };
		356FEF3D0C3EB2F300CDD4B0 /* alter.c */ = {isa = PBXFileReference; fileEncoding = 30; lastKnownFileType = sourcecode.c.c; path = alter.c; sourceTree = "<group>"; };
		356FEF3E0C3EB2F300CDD4B0 /* analyze.c */ = {isa = PBXFileReference; fileEncoding = 30; lastKnownFileType = sourcecode.c.c; path = analyze.c; sourceTree = "<group>"; };
		356FEF3F0C3EB2F300CDD4B0 /* attach.c */ = {isa = PBXFileReference; fileEncoding = 30; lastKnownFileType = sourcecode.c.c; path = attach.c; sourceTree = "<group>"; };
		356FEF400C3EB2F300CDD4B0 /* auth.c */ = {isa = PBXFileReference; fileEncoding = 30; lastKnownFileType = sourcecode.c.c; path = auth.c; sourceTree = "<group>"; };
		356FEF410C3EB2F300CDD4B0 /* btree.c */ = {isa = PBXFileReference; fileEncoding = 30; lastKnownFileType = sourcecode.c.c; path = btree.c; sourceTree = "<group>"; };
		356FEF420C3EB2F300CDD4B0 /* btree.h */ = {isa = PBXFileReference; fileEncoding = 30; lastKnownFileType = sourcecode.c.h; path = btree.h; sourceTree = "<group>"; };
		356FEF430C3EB2F300CDD4B0 /* build.c */ = {isa = PBXFileReference; fileEncoding = 30; lastKnownFileType = sourcecode.c.c; path = build.c; sourceTree = "<group>"; };
		356FEF440C3EB2F300CDD4B0 /* callback.c */ = {isa = PBXFileReference; fileEncoding = 30; lastKnownFileType = sourcecode.c.c; path = callback.c; sourceTree = "<group>"; };
		356FEF450C3EB2F300CDD4B0 /* complete.c */ = {isa = PBXFileReference; fileEncoding = 30; lastKnownFileType = sourcecode.c.c; path = complete.c; sourceTree = "<group>"; };
		356FEF460C3EB2F300CDD4B0 /* date.c */ = {isa = PBXFileReference; fileEncoding = 30; lastKnownFileType = sourcecode.c.c; path = date.c; sourceTree = "<group>"; };
		356FEF470C3EB2F300CDD4B0 /* delete.c */ = {isa = PBXFileReference; fileEncoding = 30; lastKnownFileType = sourcecode.c.c; path = delete.c; sourceTree = "<group>"; };
		356FEF480C3EB2F300CDD4B0 /* expr.c */ = {isa = PBXFileReference; fileEncoding = 30; lastKnownFileType = sourcecode.c.c; path = expr.c; sourceTree = "<group>"; };
		356FEF490C3EB2F300CDD4B0 /* func.c */ = {isa = PBXFileReference; fileEncoding = 30; lastKnownFileType = sourcecode.c.c; path = func.c; sourceTree = "<group>"; };
		356FEF4A0C3EB2F300CDD4B0 /* hash.c */ = {isa = PBXFileReference; fileEncoding = 30; lastKnownFileType = sourcecode.c.c; path = hash.c; sourceTree = "<group>"; };
		356FEF4B0C3EB2F300CDD4B0 /* hash.h */ = {isa = PBXFileReference; fileEncoding = 30; lastKnownFileType = sourcecode.c.h; path = hash.h; sourceTree = "<group>"; };
		356FEF4C0C3EB2F300CDD4B0 /* insert.c */ = {isa = PBXFileReference; fileEncoding = 30; lastKnownFileType = sourcecode.c.c; path = insert.c; sourceTree = "<group>"; };
		356FEF4D0C3EB2F300CDD4B0 /* keywordhash.h */ = {isa = PBXFileReference; fileEncoding = 30; lastKnownFileType = sourcecode.c.h; path = keywordhash.h; sourceTree = "<group>"; };
		356FEF4E0C3EB2F300CDD4B0 /* legacy.c */ = {isa = PBXFileReference; fileEncoding = 30; lastKnownFileType = sourcecode.c.c; path = legacy.c; sourceTree = "<group>"; };
		356FEF4F0C3EB2F300CDD4B0 /* main.c */ = {isa = PBXFileReference; fileEncoding = 30; lastKnownFileType = sourcecode.c.c; path = main.c; sourceTree = "<group>"; };
		356FEF500C3EB2F300CDD4B0 /* opcodes.c */ = {isa = PBXFileReference; fileEncoding = 30; lastKnownFileType = sourcecode.c.c; path = opcodes.c; sourceTree = "<group>"; };
		356FEF510C3EB2F300CDD4B0 /* opcodes.h */ = {isa = PBXFileReference; fileEncoding = 30; lastKnownFileType = sourcecode.c.h; path = opcodes.h; sourceTree = "<group>"; };
		356FEF520C3EB2F300CDD4B0 /* os.h */ = {isa = PBXFileReference; fileEncoding = 30; lastKnownFileType = sourcecode.c.h; path = os.h; sourceTree = "<group>"; };
		356FEF530C3EB2F300CDD4B0 /* os_common.h */ = {isa = PBXFileReference; fileEncoding = 30; lastKnownFileType = sourcecode.c.h; path = os_common.h; sourceTree = "<group>"; };
		356FEF540C3EB2F300CDD4B0 /* os_test.c */ = {isa = PBXFileReference; fileEncoding = 30; lastKnownFileType = sourcecode.c.c; path = os_test.c; sourceTree = "<group>"; };
		356FEF550C3EB2F300CDD4B0 /* os_test.h */ = {isa = PBXFileReference; fileEncoding = 30; lastKnownFileType = sourcecode.c.h; path = os_test.h; sourceTree = "<group>"; };
		356FEF560C3EB2F300CDD4B0 /* os_unix.c */ = {isa = PBXFileReference; fileEncoding = 30; lastKnownFileType = sourcecode.c.c; path = os_unix.c; sourceTree = "<group>"; };
		356FEF570C3EB2F300CDD4B0 /* os_unix.h */ = {isa = PBXFileReference; fileEncoding = 30; lastKnownFileType = sourcecode.c.h; path = os_unix.h; sourceTree = "<group>"; };
		356FEF580C3EB2F300CDD4B0 /* os_win.c */ = {isa = PBXFileReference; fileEncoding = 30; lastKnownFileType = sourcecode.c.c; path = os_win.c; sourceTree = "<group>"; };
		356FEF590C3EB2F300CDD4B0 /* os_win.h */ = {isa = PBXFileReference; fileEncoding = 30; lastKnownFileType = sourcecode.c.h; path = os_win.h; sourceTree = "<group>"; };
		356FEF5A0C3EB2F300CDD4B0 /* pager.c */ = {isa = PBXFileReference; fileEncoding = 30; lastKnownFileType = sourcecode.c.c; path = pager.c; sourceTree = "<group>"; };
		356FEF5B0C3EB2F300CDD4B0 /* pager.h */ = {isa = PBXFileReference; fileEncoding = 30; lastKnownFileType = sourcecode.c.h; path = pager.h; sourceTree = "<group>"; };
		356FEF5C0C3EB2F300CDD4B0 /* parse.c */ = {isa = PBXFileReference; fileEncoding = 30; lastKnownFileType = sourcecode.c.c; path = parse.c; sourceTree = "<group>"; };
		356FEF5D0C3EB2F300CDD4B0 /* parse.h */ = {isa = PBXFileReference; fileEncoding = 30; lastKnownFileType = sourcecode.c.h; path = parse.h; sourceTree = "<group>"; };
		356FEF5E0C3EB2F300CDD4B0 /* pragma.c */ = {isa = PBXFileReference; fileEncoding = 30; lastKnownFileType = sourcecode.c.c; path = pragma.c; sourceTree = "<group>"; };
		356FEF5F0C3EB2F300CDD4B0 /* prepare.c */ = {isa = PBXFileReference; fileEncoding = 30; lastKnownFileType = sourcecode.c.c; path = prepare.c; sourceTree = "<group>"; };
		356FEF600C3EB2F300CDD4B0 /* printf.c */ = {isa = PBXFileReference; fileEncoding = 30; lastKnownFileType = sourcecode.c.c; path = printf.c; sourceTree = "<group>"; };
		356FEF610C3EB2F300CDD4B0 /* random.c */ = {isa = PBXFileReference; fileEncoding = 30; lastKnownFileType = sourcecode.c.c; path = random.c; sourceTree = "<group>"; };
		356FEF620C3EB2F300CDD4B0 /* select.c */ = {isa = PBXFileReference; fileEncoding = 30; lastKnownFileType = sourcecode.c.c; path = select.c; sourceTree = "<group>"; };
		356FEF630C3EB2F300CDD4B0 /* sqlite3.h */ = {isa = PBXFileReference; fileEncoding = 30; lastKnownFileType = sourcecode.c.h; path = sqlite3.h; sourceTree = "<group>"; };
		356FEF640C3EB2F300CDD4B0 /* sqliteInt.h */ = {isa = PBXFileReference; fileEncoding = 30; lastKnownFileType = sourcecode.c.h; path = sqliteInt.h; sourceTree = "<group>"; };
		356FEF650C3EB2F300CDD4B0 /* table.c */ = {isa = PBXFileReference; fileEncoding = 30; lastKnownFileType = sourcecode.c.c; path = table.c; sourceTree = "<group>"; };
		356FEF660C3EB2F300CDD4B0 /* tokenize.c */ = {isa = PBXFileReference; fileEncoding = 30; lastKnownFileType = sourcecode.c.c; path = tokenize.c; sourceTree = "<group>"; };
		356FEF670C3EB2F300CDD4B0 /* trigger.c */ = {isa = PBXFileReference; fileEncoding = 30; lastKnownFileType = sourcecode.c.c; path = trigger.c; sourceTree = "<group>"; };
		356FEF680C3EB2F300CDD4B0 /* update.c */ = {isa = PBXFileReference; fileEncoding = 30; lastKnownFileType = sourcecode.c.c; path = update.c; sourceTree = "<group>"; };
		356FEF690C3EB2F300CDD4B0 /* utf.c */ = {isa = PBXFileReference; fileEncoding = 30; lastKnownFileType = sourcecode.c.c; path = utf.c; sourceTree = "<group>"; };
		356FEF6A0C3EB2F300CDD4B0 /* util.c */ = {isa = PBXFileReference; fileEncoding = 30; lastKnownFileType = sourcecode.c.c; path = util.c; sourceTree = "<group>"; };
		356FEF6B0C3EB2F300CDD4B0 /* vacuum.c */ = {isa = PBXFileReference; fileEncoding = 30; lastKnownFileType = sourcecode.c.c; path = vacuum.c; sourceTree = "<group>"; };
		356FEF6C0C3EB2F300CDD4B0 /* vdbe.c */ = {isa = PBXFileReference; fileEncoding = 30; lastKnownFileType = sourcecode.c.c; path = vdbe.c; sourceTree = "<group>"; };
		356FEF6D0C3EB2F300CDD4B0 /* vdbe.h */ = {isa = PBXFileReference; fileEncoding = 30; lastKnownFileType = sourcecode.c.h; path = vdbe.h; sourceTree = "<group>"; };
		356FEF6E0C3EB2F300CDD4B0 /* vdbeapi.c */ = {isa = PBXFileReference; fileEncoding = 30; lastKnownFileType = sourcecode.c.c; path = vdbeapi.c; sourceTree = "<group>"; };
		356FEF6F0C3EB2F300CDD4B0 /* vdbeaux.c */ = {isa = PBXFileReference; fileEncoding = 30; lastKnownFileType = sourcecode.c.c; path = vdbeaux.c; sourceTree = "<group>"; };
		356FEF700C3EB2F300CDD4B0 /* vdbefifo.c */ = {isa = PBXFileReference; fileEncoding = 30; lastKnownFileType = sourcecode.c.c; path = vdbefifo.c; sourceTree = "<group>"; };
		356FEF710C3EB2F300CDD4B0 /* vdbeInt.h */ = {isa = PBXFileReference; fileEncoding = 30; lastKnownFileType = sourcecode.c.h; path = vdbeInt.h; sourceTree = "<group>"; };
		356FEF720C3EB2F300CDD4B0 /* vdbemem.c */ = {isa = PBXFileReference; fileEncoding = 30; lastKnownFileType = sourcecode.c.c; path = vdbemem.c; sourceTree = "<group>"; };
		356FEF730C3EB2F300CDD4B0 /* where.c */ = {isa = PBXFileReference; fileEncoding = 30; lastKnownFileType = sourcecode.c.c; path = where.c; sourceTree = "<group>"; };
		356FF0C50C3FBD2000CDD4B0 /* Debug.h */ = {isa = PBXFileReference; fileEncoding = 4; lastKnownFileType = sourcecode.c.h; name = Debug.h; path = Debug/Debug.h; sourceTree = "<group>"; };
		356FF0DC0C3FBDAA00CDD4B0 /* Debug.m */ = {isa = PBXFileReference; fileEncoding = 30; lastKnownFileType = sourcecode.c.objc; name = Debug.m; path = Debug/Debug.m; sourceTree = "<group>"; };
		357EC7DA0BF0B9630019A5ED /* Source.h */ = {isa = PBXFileReference; fileEncoding = 30; lastKnownFileType = sourcecode.c.h; name = Source.h; path = Model/Source.h; sourceTree = SOURCE_ROOT; };
		357EC7DB0BF0B9630019A5ED /* Source.m */ = {isa = PBXFileReference; fileEncoding = 30; lastKnownFileType = sourcecode.c.objc; name = Source.m; path = Model/Source.m; sourceTree = SOURCE_ROOT; };
		357EC7DC0BF0B9630019A5ED /* User.h */ = {isa = PBXFileReference; fileEncoding = 30; lastKnownFileType = sourcecode.c.h; name = User.h; path = Model/User.h; sourceTree = SOURCE_ROOT; };
		357EC7DD0BF0B9630019A5ED /* User.m */ = {isa = PBXFileReference; fileEncoding = 30; lastKnownFileType = sourcecode.c.objc; name = User.m; path = Model/User.m; sourceTree = SOURCE_ROOT; };
		357EC7E60BF0B9630019A5ED /* UserFactory.h */ = {isa = PBXFileReference; fileEncoding = 30; lastKnownFileType = sourcecode.c.h; name = UserFactory.h; path = Controller/UserFactory.h; sourceTree = SOURCE_ROOT; };
		357EC7E70BF0B9630019A5ED /* UserFactory.m */ = {isa = PBXFileReference; fileEncoding = 30; lastKnownFileType = sourcecode.c.objc; name = UserFactory.m; path = Controller/UserFactory.m; sourceTree = SOURCE_ROOT; };
		357EC7FB0BF0BAFE0019A5ED /* Windows.h */ = {isa = PBXFileReference; fileEncoding = 4; lastKnownFileType = sourcecode.c.h; path = Windows.h; sourceTree = "<group>"; };
		357EC7FC0BF0BAFE0019A5ED /* Windows.m */ = {isa = PBXFileReference; fileEncoding = 4; lastKnownFileType = sourcecode.c.objc; path = Windows.m; sourceTree = "<group>"; };
		358A976A0BFC5DEA00A6D2F6 /* Default.png */ = {isa = PBXFileReference; lastKnownFileType = image.png; path = Default.png; sourceTree = "<group>"; };
		358A97760BFC5FC000A6D2F6 /* AvatarView.m */ = {isa = PBXFileReference; fileEncoding = 30; lastKnownFileType = sourcecode.c.objc; path = AvatarView.m; sourceTree = "<group>"; };
		358A97770BFC5FC000A6D2F6 /* AvatarView.h */ = {isa = PBXFileReference; fileEncoding = 30; lastKnownFileType = sourcecode.c.h; path = AvatarView.h; sourceTree = "<group>"; };
		358A984F0BFC8A7500A6D2F6 /* Radar.icns */ = {isa = PBXFileReference; lastKnownFileType = image.icns; path = Radar.icns; sourceTree = "<group>"; };
		359266A00C0DDAA500BC54FB /* MainDrawer.h */ = {isa = PBXFileReference; fileEncoding = 4; lastKnownFileType = sourcecode.c.h; path = MainDrawer.h; sourceTree = "<group>"; };
		359266A10C0DDAA500BC54FB /* MainDrawer.m */ = {isa = PBXFileReference; fileEncoding = 4; lastKnownFileType = sourcecode.c.objc; path = MainDrawer.m; sourceTree = "<group>"; };
		35958A3A0D32689A004B4271 /* TODO.txt */ = {isa = PBXFileReference; fileEncoding = 4; lastKnownFileType = text; path = TODO.txt; sourceTree = "<group>"; };
		359FD43B0C2FF6A1008FD586 /* AddressBook.framework */ = {isa = PBXFileReference; lastKnownFileType = wrapper.framework; name = AddressBook.framework; path = /System/Library/Frameworks/AddressBook.framework; sourceTree = "<absolute>"; };
		35BB9BA30C3D0CC400F670A5 /* snippets */ = {isa = PBXFileReference; fileEncoding = 4; lastKnownFileType = text; path = snippets; sourceTree = "<group>"; };
		35CA1A0A0D19415800D9DAF3 /* SVNSource.h */ = {isa = PBXFileReference; fileEncoding = 4; lastKnownFileType = sourcecode.c.h; name = SVNSource.h; path = SourceImplementations/SVNSource/SVNSource.h; sourceTree = SOURCE_ROOT; };
		35CA1A0B0D19415800D9DAF3 /* SVNSource.m */ = {isa = PBXFileReference; fileEncoding = 4; lastKnownFileType = sourcecode.c.objc; name = SVNSource.m; path = SourceImplementations/SVNSource/SVNSource.m; sourceTree = SOURCE_ROOT; };
		35CA1A0D0D19417500D9DAF3 /* SVNSourcePrefPane.nib */ = {isa = PBXFileReference; lastKnownFileType = wrapper.nib; name = SVNSourcePrefPane.nib; path = ../SourceImplementations/SVNSource/SVNSourcePrefPane.nib; sourceTree = "<group>"; };
		35EF65180C2D20A700F83CA7 /* MailSource.h */ = {isa = PBXFileReference; fileEncoding = 4; lastKnownFileType = sourcecode.c.h; name = MailSource.h; path = ../SourceImplementations/MailSource/MailSource.h; sourceTree = "<group>"; };
		35EF65190C2D20A700F83CA7 /* MailSource.m */ = {isa = PBXFileReference; fileEncoding = 4; lastKnownFileType = sourcecode.c.objc; name = MailSource.m; path = ../SourceImplementations/MailSource/MailSource.m; sourceTree = "<group>"; };
		35EF65320C2D215F00F83CA7 /* Preferences.h */ = {isa = PBXFileReference; fileEncoding = 4; lastKnownFileType = sourcecode.c.h; path = Preferences.h; sourceTree = "<group>"; };
		35EF65330C2D215F00F83CA7 /* Preferences.m */ = {isa = PBXFileReference; fileEncoding = 4; lastKnownFileType = sourcecode.c.objc; path = Preferences.m; sourceTree = "<group>"; };
		35EF65970C2D234A00F83CA7 /* MailSourcePrefPane.nib */ = {isa = PBXFileReference; lastKnownFileType = wrapper.nib; name = MailSourcePrefPane.nib; path = ../SourceImplementations/MailSource/MailSourcePrefPane.nib; sourceTree = "<group>"; };
		8D1107310486CEB800E47090 /* Info.plist */ = {isa = PBXFileReference; fileEncoding = 4; lastKnownFileType = text.plist; path = Info.plist; sourceTree = "<group>"; };
		8D1107320486CEB800E47090 /* Radar.app */ = {isa = PBXFileReference; explicitFileType = wrapper.application; includeInIndex = 0; path = Radar.app; sourceTree = BUILT_PRODUCTS_DIR; };
/* End PBXFileReference section */

/* Begin PBXFrameworksBuildPhase section */
		8D11072E0486CEB800E47090 /* Frameworks */ = {
			isa = PBXFrameworksBuildPhase;
			buildActionMask = 2147483647;
			files = (
				8D11072F0486CEB800E47090 /* Cocoa.framework in Frameworks */,
				359FD43C0C2FF6A1008FD586 /* AddressBook.framework in Frameworks */,
			);
			runOnlyForDeploymentPostprocessing = 0;
		};
/* End PBXFrameworksBuildPhase section */

/* Begin PBXGroup section */
		080E96DDFE201D6D7F000001 /* Classes */ = {
			isa = PBXGroup;
			children = (
				35EF651E0C2D20B500F83CA7 /* SourceImplementations */,
				357EC7D70BF0B9630019A5ED /* Model */,
				357EC7DE0BF0B9630019A5ED /* View */,
				357EC7E10BF0B9630019A5ED /* Controller */,
			);
			name = Classes;
			sourceTree = "<group>";
		};
		1058C7A0FEA54F0111CA2CBB /* Linked Frameworks */ = {
			isa = PBXGroup;
			children = (
				359FD43B0C2FF6A1008FD586 /* AddressBook.framework */,
				1058C7A1FEA54F0111CA2CBB /* Cocoa.framework */,
			);
			name = "Linked Frameworks";
			sourceTree = "<group>";
		};
		1058C7A2FEA54F0111CA2CBB /* Other Frameworks */ = {
			isa = PBXGroup;
			children = (
				29B97324FDCFA39411CA2CEA /* AppKit.framework */,
				29B97325FDCFA39411CA2CEA /* Foundation.framework */,
			);
			name = "Other Frameworks";
			sourceTree = "<group>";
		};
		19C28FACFE9D520D11CA2CBB /* Products */ = {
			isa = PBXGroup;
			children = (
				8D1107320486CEB800E47090 /* Radar.app */,
			);
			name = Products;
			sourceTree = "<group>";
		};
		29B97314FDCFA39411CA2CEA /* Radar */ = {
			isa = PBXGroup;
			children = (
				358A97400BFC5C9E00A6D2F6 /* Media */,
				080E96DDFE201D6D7F000001 /* Classes */,
				29B97315FDCFA39411CA2CEA /* Other Sources */,
				29B97317FDCFA39411CA2CEA /* Resources */,
				29B97323FDCFA39411CA2CEA /* Frameworks */,
				19C28FACFE9D520D11CA2CBB /* Products */,
			);
			name = Radar;
			sourceTree = "<group>";
		};
		29B97315FDCFA39411CA2CEA /* Other Sources */ = {
			isa = PBXGroup;
			children = (
				356FF0400C3FB9A900CDD4B0 /* Debug */,
				356E97A40C195BC000B60D23 /* Defines.h */,
				32CA4F630368D1EE00C91783 /* Radar_Prefix.pch */,
				29B97316FDCFA39411CA2CEA /* main.m */,
				35BB9BA30C3D0CC400F670A5 /* snippets */,
			);
			name = "Other Sources";
			sourceTree = "<group>";
		};
		29B97317FDCFA39411CA2CEA /* Resources */ = {
			isa = PBXGroup;
			children = (
				35958A3A0D32689A004B4271 /* TODO.txt */,
				353B40720C15CDC10020A379 /* Localizable.strings */,
				8D1107310486CEB800E47090 /* Info.plist */,
				089C165CFE840E0CC02AAC07 /* InfoPlist.strings */,
				29B97318FDCFA39411CA2CEA /* MainMenu.nib */,
			);
			name = Resources;
			sourceTree = "<group>";
		};
		29B97323FDCFA39411CA2CEA /* Frameworks */ = {
			isa = PBXGroup;
			children = (
				1058C7A0FEA54F0111CA2CBB /* Linked Frameworks */,
				1058C7A2FEA54F0111CA2CBB /* Other Frameworks */,
			);
			name = Frameworks;
			sourceTree = "<group>";
		};
		351EB5020C3181940029583C /* ExternalSource */ = {
			isa = PBXGroup;
			children = (
				351EB5030C3181940029583C /* ExternalSource.h */,
				351EB5040C3181940029583C /* ExternalSource.m */,
				351EB51D0C3182580029583C /* ExternalSourcePrefPane.nib */,
			);
			name = ExternalSource;
			path = SourceImplementations/ExternalSource;
			sourceTree = SOURCE_ROOT;
		};
		356FEF270C3EB2F300CDD4B0 /* QuickLite v1.5.6 */ = {
			isa = PBXGroup;
			children = (
				356FEF280C3EB2F300CDD4B0 /* License.pdf */,
				356FEF2A0C3EB2F300CDD4B0 /* QuickLite API */,
				356FEF3B0C3EB2F300CDD4B0 /* SQLite */,
			);
			name = "QuickLite v1.5.6";
			path = "SourceImplementations/MailSource/QuickLite v1.5.6";
			sourceTree = SOURCE_ROOT;
		};
		356FEF2A0C3EB2F300CDD4B0 /* QuickLite API */ = {
			isa = PBXGroup;
			children = (
				356FEF2B0C3EB2F300CDD4B0 /* Extensions */,
				356FEF2E0C3EB2F300CDD4B0 /* QuickLiteCursor.h */,
				356FEF2F0C3EB2F300CDD4B0 /* QuickLiteCursor.m */,
				356FEF300C3EB2F300CDD4B0 /* QuickLiteCursorPrivate.h */,
				356FEF310C3EB2F300CDD4B0 /* QuickLiteDatabase.h */,
				356FEF320C3EB2F300CDD4B0 /* QuickLiteDatabase.m */,
				356FEF330C3EB2F300CDD4B0 /* QuickLiteDatabasePrivate.h */,
				356FEF340C3EB2F300CDD4B0 /* QuickLiteGlobals.h */,
				356FEF350C3EB2F300CDD4B0 /* QuickLiteGlobals.m */,
				356FEF360C3EB2F300CDD4B0 /* QuickLiteGlobalsPrivate.h */,
				356FEF370C3EB2F300CDD4B0 /* QuickLiteRow.h */,
				356FEF380C3EB2F300CDD4B0 /* QuickLiteRow.m */,
				356FEF390C3EB2F300CDD4B0 /* QuickLiteRowPrivate.h */,
			);
			path = "QuickLite API";
			sourceTree = "<group>";
		};
		356FEF2B0C3EB2F300CDD4B0 /* Extensions */ = {
			isa = PBXGroup;
			children = (
				356FEF2C0C3EB2F300CDD4B0 /* QuickLiteDatabaseExtras.h */,
				356FEF2D0C3EB2F300CDD4B0 /* QuickLiteDatabaseExtras.m */,
			);
			path = Extensions;
			sourceTree = "<group>";
		};
		356FEF3B0C3EB2F300CDD4B0 /* SQLite */ = {
			isa = PBXGroup;
			children = (
				356FEF3C0C3EB2F300CDD4B0 /* v3 */,
			);
			path = SQLite;
			sourceTree = "<group>";
		};
		356FEF3C0C3EB2F300CDD4B0 /* v3 */ = {
			isa = PBXGroup;
			children = (
				356FEF3D0C3EB2F300CDD4B0 /* alter.c */,
				356FEF3E0C3EB2F300CDD4B0 /* analyze.c */,
				356FEF3F0C3EB2F300CDD4B0 /* attach.c */,
				356FEF400C3EB2F300CDD4B0 /* auth.c */,
				356FEF410C3EB2F300CDD4B0 /* btree.c */,
				356FEF420C3EB2F300CDD4B0 /* btree.h */,
				356FEF430C3EB2F300CDD4B0 /* build.c */,
				356FEF440C3EB2F300CDD4B0 /* callback.c */,
				356FEF450C3EB2F300CDD4B0 /* complete.c */,
				356FEF460C3EB2F300CDD4B0 /* date.c */,
				356FEF470C3EB2F300CDD4B0 /* delete.c */,
				356FEF480C3EB2F300CDD4B0 /* expr.c */,
				356FEF490C3EB2F300CDD4B0 /* func.c */,
				356FEF4A0C3EB2F300CDD4B0 /* hash.c */,
				356FEF4B0C3EB2F300CDD4B0 /* hash.h */,
				356FEF4C0C3EB2F300CDD4B0 /* insert.c */,
				356FEF4D0C3EB2F300CDD4B0 /* keywordhash.h */,
				356FEF4E0C3EB2F300CDD4B0 /* legacy.c */,
				356FEF4F0C3EB2F300CDD4B0 /* main.c */,
				356FEF500C3EB2F300CDD4B0 /* opcodes.c */,
				356FEF510C3EB2F300CDD4B0 /* opcodes.h */,
				356FEF520C3EB2F300CDD4B0 /* os.h */,
				356FEF530C3EB2F300CDD4B0 /* os_common.h */,
				356FEF540C3EB2F300CDD4B0 /* os_test.c */,
				356FEF550C3EB2F300CDD4B0 /* os_test.h */,
				356FEF560C3EB2F300CDD4B0 /* os_unix.c */,
				356FEF570C3EB2F300CDD4B0 /* os_unix.h */,
				356FEF580C3EB2F300CDD4B0 /* os_win.c */,
				356FEF590C3EB2F300CDD4B0 /* os_win.h */,
				356FEF5A0C3EB2F300CDD4B0 /* pager.c */,
				356FEF5B0C3EB2F300CDD4B0 /* pager.h */,
				356FEF5C0C3EB2F300CDD4B0 /* parse.c */,
				356FEF5D0C3EB2F300CDD4B0 /* parse.h */,
				356FEF5E0C3EB2F300CDD4B0 /* pragma.c */,
				356FEF5F0C3EB2F300CDD4B0 /* prepare.c */,
				356FEF600C3EB2F300CDD4B0 /* printf.c */,
				356FEF610C3EB2F300CDD4B0 /* random.c */,
				356FEF620C3EB2F300CDD4B0 /* select.c */,
				356FEF630C3EB2F300CDD4B0 /* sqlite3.h */,
				356FEF640C3EB2F300CDD4B0 /* sqliteInt.h */,
				356FEF650C3EB2F300CDD4B0 /* table.c */,
				356FEF660C3EB2F300CDD4B0 /* tokenize.c */,
				356FEF670C3EB2F300CDD4B0 /* trigger.c */,
				356FEF680C3EB2F300CDD4B0 /* update.c */,
				356FEF690C3EB2F300CDD4B0 /* utf.c */,
				356FEF6A0C3EB2F300CDD4B0 /* util.c */,
				356FEF6B0C3EB2F300CDD4B0 /* vacuum.c */,
				356FEF6C0C3EB2F300CDD4B0 /* vdbe.c */,
				356FEF6D0C3EB2F300CDD4B0 /* vdbe.h */,
				356FEF6E0C3EB2F300CDD4B0 /* vdbeapi.c */,
				356FEF6F0C3EB2F300CDD4B0 /* vdbeaux.c */,
				356FEF700C3EB2F300CDD4B0 /* vdbefifo.c */,
				356FEF710C3EB2F300CDD4B0 /* vdbeInt.h */,
				356FEF720C3EB2F300CDD4B0 /* vdbemem.c */,
				356FEF730C3EB2F300CDD4B0 /* where.c */,
			);
			path = v3;
			sourceTree = "<group>";
		};
		356FF0400C3FB9A900CDD4B0 /* Debug */ = {
			isa = PBXGroup;
			children = (
				356FF0C50C3FBD2000CDD4B0 /* Debug.h */,
				356FF0DC0C3FBDAA00CDD4B0 /* Debug.m */,
			);
			name = Debug;
			sourceTree = "<group>";
		};
		357EC7D70BF0B9630019A5ED /* Model */ = {
			isa = PBXGroup;
			children = (
				357EC7DA0BF0B9630019A5ED /* Source.h */,
				357EC7DB0BF0B9630019A5ED /* Source.m */,
				357EC7DC0BF0B9630019A5ED /* User.h */,
				357EC7DD0BF0B9630019A5ED /* User.m */,
			);
			path = Model;
			sourceTree = SOURCE_ROOT;
		};
		357EC7DE0BF0B9630019A5ED /* View */ = {
			isa = PBXGroup;
			children = (
				358A97770BFC5FC000A6D2F6 /* AvatarView.h */,
				358A97760BFC5FC000A6D2F6 /* AvatarView.m */,
			);
			path = View;
			sourceTree = SOURCE_ROOT;
		};
		357EC7E10BF0B9630019A5ED /* Controller */ = {
			isa = PBXGroup;
			children = (
				357EC7E60BF0B9630019A5ED /* UserFactory.h */,
				357EC7E70BF0B9630019A5ED /* UserFactory.m */,
				357EC7FB0BF0BAFE0019A5ED /* Windows.h */,
				357EC7FC0BF0BAFE0019A5ED /* Windows.m */,
				359266A00C0DDAA500BC54FB /* MainDrawer.h */,
				359266A10C0DDAA500BC54FB /* MainDrawer.m */,
				35EF65320C2D215F00F83CA7 /* Preferences.h */,
				35EF65330C2D215F00F83CA7 /* Preferences.m */,
				351EB6080C31C7950029583C /* Sources.h */,
				351EB6090C31C7950029583C /* Sources.m */,
			);
			path = Controller;
			sourceTree = SOURCE_ROOT;
		};
		358A97400BFC5C9E00A6D2F6 /* Media */ = {
			isa = PBXGroup;
			children = (
				358A984F0BFC8A7500A6D2F6 /* Radar.icns */,
				358A976A0BFC5DEA00A6D2F6 /* Default.png */,
			);
			path = Media;
			sourceTree = "<group>";
		};
		35CA1A060D1940ED00D9DAF3 /* SVNSource */ = {
			isa = PBXGroup;
			children = (
				35CA1A0A0D19415800D9DAF3 /* SVNSource.h */,
				35CA1A0B0D19415800D9DAF3 /* SVNSource.m */,
				35CA1A0D0D19417500D9DAF3 /* SVNSourcePrefPane.nib */,
			);
			name = SVNSource;
			sourceTree = "<group>";
		};
		35EF651E0C2D20B500F83CA7 /* SourceImplementations */ = {
			isa = PBXGroup;
			children = (
				351EB5020C3181940029583C /* ExternalSource */,
				35EF65670C2D228300F83CA7 /* MailSource */,
				35CA1A060D1940ED00D9DAF3 /* SVNSource */,
			);
			name = SourceImplementations;
			path = Model;
			sourceTree = "<group>";
		};
		35EF65670C2D228300F83CA7 /* MailSource */ = {
			isa = PBXGroup;
			children = (
				356FEF270C3EB2F300CDD4B0 /* QuickLite v1.5.6 */,
				35EF65180C2D20A700F83CA7 /* MailSource.h */,
				35EF65190C2D20A700F83CA7 /* MailSource.m */,
				35EF65970C2D234A00F83CA7 /* MailSourcePrefPane.nib */,
			);
			name = MailSource;
			sourceTree = "<group>";
		};
/* End PBXGroup section */

/* Begin PBXNativeTarget section */
		8D1107260486CEB800E47090 /* Radar */ = {
			isa = PBXNativeTarget;
			buildConfigurationList = C01FCF4A08A954540054247B /* Build configuration list for PBXNativeTarget "Radar" */;
			buildPhases = (
				8D1107290486CEB800E47090 /* Resources */,
				8D11072C0486CEB800E47090 /* Sources */,
				8D11072E0486CEB800E47090 /* Frameworks */,
			);
			buildRules = (
			);
			dependencies = (
			);
			name = Radar;
			productInstallPath = "$(HOME)/Applications";
			productName = Radar;
			productReference = 8D1107320486CEB800E47090 /* Radar.app */;
			productType = "com.apple.product-type.application";
		};
/* End PBXNativeTarget section */

/* Begin PBXProject section */
		29B97313FDCFA39411CA2CEA /* Project object */ = {
			isa = PBXProject;
			buildConfigurationList = C01FCF4E08A954540054247B /* Build configuration list for PBXProject "Radar" */;
			compatibilityVersion = "Xcode 2.4";
			hasScannedForEncodings = 1;
			mainGroup = 29B97314FDCFA39411CA2CEA /* Radar */;
			projectDirPath = "";
			projectRoot = "";
			targets = (
				8D1107260486CEB800E47090 /* Radar */,
			);
		};
/* End PBXProject section */

/* Begin PBXResourcesBuildPhase section */
		8D1107290486CEB800E47090 /* Resources */ = {
			isa = PBXResourcesBuildPhase;
			buildActionMask = 2147483647;
			files = (
				8D11072A0486CEB800E47090 /* MainMenu.nib in Resources */,
				8D11072B0486CEB800E47090 /* InfoPlist.strings in Resources */,
				358A976B0BFC5DEA00A6D2F6 /* Default.png in Resources */,
				358A98500BFC8A7500A6D2F6 /* Radar.icns in Resources */,
				353B40730C15CDC10020A379 /* Localizable.strings in Resources */,
				35EF65980C2D234A00F83CA7 /* MailSourcePrefPane.nib in Resources */,
				351EB51E0C3182580029583C /* ExternalSourcePrefPane.nib in Resources */,
				356FEF750C3EB2F300CDD4B0 /* License.pdf in Resources */,
				35CA1A0E0D19417500D9DAF3 /* SVNSourcePrefPane.nib in Resources */,
			);
			runOnlyForDeploymentPostprocessing = 0;
		};
/* End PBXResourcesBuildPhase section */

/* Begin PBXSourcesBuildPhase section */
		8D11072C0486CEB800E47090 /* Sources */ = {
			isa = PBXSourcesBuildPhase;
			buildActionMask = 2147483647;
			files = (
				8D11072D0486CEB800E47090 /* main.m in Sources */,
				357EC7E90BF0B9630019A5ED /* Source.m in Sources */,
				357EC7EA0BF0B9630019A5ED /* User.m in Sources */,
				357EC7EE0BF0B9630019A5ED /* UserFactory.m in Sources */,
				357EC7FD0BF0BAFE0019A5ED /* Windows.m in Sources */,
				358A97780BFC5FC000A6D2F6 /* AvatarView.m in Sources */,
				359266A20C0DDAA500BC54FB /* MainDrawer.m in Sources */,
				35EF651A0C2D20A700F83CA7 /* MailSource.m in Sources */,
				35EF65340C2D215F00F83CA7 /* Preferences.m in Sources */,
				351EB5060C3181940029583C /* ExternalSource.m in Sources */,
				351EB60A0C31C7950029583C /* Sources.m in Sources */,
				356FEF770C3EB2F300CDD4B0 /* QuickLiteDatabaseExtras.m in Sources */,
				356FEF780C3EB2F300CDD4B0 /* QuickLiteCursor.m in Sources */,
				356FEF790C3EB2F300CDD4B0 /* QuickLiteDatabase.m in Sources */,
				356FEF7A0C3EB2F300CDD4B0 /* QuickLiteGlobals.m in Sources */,
				356FEF7B0C3EB2F300CDD4B0 /* QuickLiteRow.m in Sources */,
				356FEF7D0C3EB2F300CDD4B0 /* alter.c in Sources */,
				356FEF7E0C3EB2F300CDD4B0 /* analyze.c in Sources */,
				356FEF7F0C3EB2F300CDD4B0 /* attach.c in Sources */,
				356FEF800C3EB2F300CDD4B0 /* auth.c in Sources */,
				356FEF810C3EB2F300CDD4B0 /* btree.c in Sources */,
				356FEF820C3EB2F300CDD4B0 /* build.c in Sources */,
				356FEF830C3EB2F300CDD4B0 /* callback.c in Sources */,
				356FEF840C3EB2F300CDD4B0 /* complete.c in Sources */,
				356FEF850C3EB2F300CDD4B0 /* date.c in Sources */,
				356FEF860C3EB2F300CDD4B0 /* delete.c in Sources */,
				356FEF870C3EB2F300CDD4B0 /* expr.c in Sources */,
				356FEF880C3EB2F300CDD4B0 /* func.c in Sources */,
				356FEF890C3EB2F300CDD4B0 /* hash.c in Sources */,
				356FEF8A0C3EB2F300CDD4B0 /* insert.c in Sources */,
				356FEF8B0C3EB2F300CDD4B0 /* legacy.c in Sources */,
				356FEF8C0C3EB2F300CDD4B0 /* main.c in Sources */,
				356FEF8D0C3EB2F300CDD4B0 /* opcodes.c in Sources */,
				356FEF8E0C3EB2F300CDD4B0 /* os_test.c in Sources */,
				356FEF8F0C3EB2F300CDD4B0 /* os_unix.c in Sources */,
				356FEF900C3EB2F300CDD4B0 /* os_win.c in Sources */,
				356FEF910C3EB2F300CDD4B0 /* pager.c in Sources */,
				356FEF920C3EB2F300CDD4B0 /* parse.c in Sources */,
				356FEF930C3EB2F300CDD4B0 /* pragma.c in Sources */,
				356FEF940C3EB2F300CDD4B0 /* prepare.c in Sources */,
				356FEF950C3EB2F300CDD4B0 /* printf.c in Sources */,
				356FEF960C3EB2F300CDD4B0 /* random.c in Sources */,
				356FEF970C3EB2F300CDD4B0 /* select.c in Sources */,
				356FEF980C3EB2F300CDD4B0 /* table.c in Sources */,
				356FEF990C3EB2F300CDD4B0 /* tokenize.c in Sources */,
				356FEF9A0C3EB2F300CDD4B0 /* trigger.c in Sources */,
				356FEF9B0C3EB2F300CDD4B0 /* update.c in Sources */,
				356FEF9C0C3EB2F300CDD4B0 /* utf.c in Sources */,
				356FEF9D0C3EB2F300CDD4B0 /* util.c in Sources */,
				356FEF9E0C3EB2F300CDD4B0 /* vacuum.c in Sources */,
				356FEF9F0C3EB2F300CDD4B0 /* vdbe.c in Sources */,
				356FEFA00C3EB2F300CDD4B0 /* vdbeapi.c in Sources */,
				356FEFA10C3EB2F300CDD4B0 /* vdbeaux.c in Sources */,
				356FEFA20C3EB2F300CDD4B0 /* vdbefifo.c in Sources */,
				356FEFA30C3EB2F300CDD4B0 /* vdbemem.c in Sources */,
				356FEFA40C3EB2F300CDD4B0 /* where.c in Sources */,
				356FF0DD0C3FBDAA00CDD4B0 /* Debug.m in Sources */,
				35CA1A0C0D19415800D9DAF3 /* SVNSource.m in Sources */,
			);
			runOnlyForDeploymentPostprocessing = 0;
		};
/* End PBXSourcesBuildPhase section */

/* Begin PBXVariantGroup section */
		089C165CFE840E0CC02AAC07 /* InfoPlist.strings */ = {
			isa = PBXVariantGroup;
			children = (
				089C165DFE840E0CC02AAC07 /* English */,
			);
			name = InfoPlist.strings;
			sourceTree = "<group>";
		};
		29B97318FDCFA39411CA2CEA /* MainMenu.nib */ = {
			isa = PBXVariantGroup;
			children = (
				29B97319FDCFA39411CA2CEA /* English */,
			);
			name = MainMenu.nib;
			sourceTree = "<group>";
		};
		353B40720C15CDC10020A379 /* Localizable.strings */ = {
			isa = PBXVariantGroup;
			children = (
				353B40350C15CC500020A379 /* English */,
			);
			name = Localizable.strings;
			sourceTree = "<group>";
		};
/* End PBXVariantGroup section */

/* Begin XCBuildConfiguration section */
		356FF12F0C40E7CA00CDD4B0 /* Beta */ = {
			isa = XCBuildConfiguration;
			buildSettings = {
				ARCHS = (
					ppc,
					i386,
				);
				FRAMEWORK_SEARCH_PATHS = (
					"$(inherited)",
					"$(FRAMEWORK_SEARCH_PATHS_QUOTED_1)",
				);
				FRAMEWORK_SEARCH_PATHS_QUOTED_1 = "\"$(SRCROOT)/../Library/Frameworks\"";
				GCC_GENERATE_DEBUGGING_SYMBOLS = NO;
				GCC_MODEL_TUNING = G5;
				INFOPLIST_FILE = Info.plist;
				INSTALL_PATH = "$(HOME)/Applications";
				PRODUCT_NAME = Radar;
				WRAPPER_EXTENSION = app;
			};
			name = Beta;
		};
		356FF1300C40E7CA00CDD4B0 /* Beta */ = {
			isa = XCBuildConfiguration;
			buildSettings = {
				ARCHS = (
					ppc,
					i386,
				);
				GCC_PREPROCESSOR_DEFINITIONS = RADAR__DEBUG;
				GCC_WARN_ABOUT_RETURN_TYPE = YES;
				GCC_WARN_UNUSED_VARIABLE = YES;
				HEADER_SEARCH_PATHS = (
					"./**",
					"$(inherited)",
				);
				PREBINDING = NO;
				SDKROOT = /Developer/SDKs/MacOSX10.4u.sdk;
			};
			name = Beta;
		};
		C01FCF4B08A954540054247B /* Debug */ = {
			isa = XCBuildConfiguration;
			buildSettings = {
				COPY_PHASE_STRIP = NO;
				FRAMEWORK_SEARCH_PATHS = (
					"$(inherited)",
					"$(FRAMEWORK_SEARCH_PATHS_QUOTED_1)",
				);
				FRAMEWORK_SEARCH_PATHS_QUOTED_1 = "\"$(SRCROOT)/../Library/Frameworks\"";
				GCC_DYNAMIC_NO_PIC = NO;
				GCC_ENABLE_FIX_AND_CONTINUE = YES;
				GCC_MODEL_TUNING = G5;
				GCC_OPTIMIZATION_LEVEL = 0;
				INFOPLIST_FILE = Info.plist;
				INSTALL_PATH = "$(HOME)/Applications";
				PRODUCT_NAME = Radar;
				WRAPPER_EXTENSION = app;
				ZERO_LINK = YES;
			};
			name = Debug;
		};
		C01FCF4C08A954540054247B /* Release */ = {
			isa = XCBuildConfiguration;
			buildSettings = {
				ARCHS = (
					ppc,
					i386,
				);
				FRAMEWORK_SEARCH_PATHS = (
					"$(inherited)",
					"$(FRAMEWORK_SEARCH_PATHS_QUOTED_1)",
				);
				FRAMEWORK_SEARCH_PATHS_QUOTED_1 = "\"$(SRCROOT)/../Library/Frameworks\"";
				GCC_GENERATE_DEBUGGING_SYMBOLS = NO;
				GCC_MODEL_TUNING = G5;
				INFOPLIST_FILE = Info.plist;
				INSTALL_PATH = "$(HOME)/Applications";
				PRODUCT_NAME = Radar;
				WRAPPER_EXTENSION = app;
			};
			name = Release;
		};
		C01FCF4F08A954540054247B /* Debug */ = {
			isa = XCBuildConfiguration;
			buildSettings = {
				ARCHS = i386;
				GCC_PREPROCESSOR_DEFINITIONS = (
					RADAR__DEBUG,
					"$(inherited)",
				);
				GCC_WARN_ABOUT_RETURN_TYPE = YES;
				GCC_WARN_UNUSED_VARIABLE = YES;
				HEADER_SEARCH_PATHS = (
					"./**",
					"$(inherited)",
				);
				PREBINDING = NO;
				SDKROOT = /Developer/SDKs/MacOSX10.4u.sdk;
			};
			name = Debug;
		};
		C01FCF5008A954540054247B /* Release */ = {
			isa = XCBuildConfiguration;
			buildSettings = {
				ARCHS = (
					ppc,
					i386,
				);
				GCC_WARN_ABOUT_RETURN_TYPE = YES;
				GCC_WARN_UNUSED_VARIABLE = YES;
				HEADER_SEARCH_PATHS = (
					"./**",
					"$(inherited)",
				);
				PREBINDING = NO;
				SDKROOT = /Developer/SDKs/MacOSX10.4u.sdk;
			};
			name = Release;
		};
/* End XCBuildConfiguration section */

/* Begin XCConfigurationList section */
		C01FCF4A08A954540054247B /* Build configuration list for PBXNativeTarget "Radar" */ = {
			isa = XCConfigurationList;
			buildConfigurations = (
				C01FCF4B08A954540054247B /* Debug */,
				C01FCF4C08A954540054247B /* Release */,
				356FF12F0C40E7CA00CDD4B0 /* Beta */,
			);
			defaultConfigurationIsVisible = 0;
			defaultConfigurationName = Debug;
		};
		C01FCF4E08A954540054247B /* Build configuration list for PBXProject "Radar" */ = {
			isa = XCConfigurationList;
			buildConfigurations = (
				C01FCF4F08A954540054247B /* Debug */,
				C01FCF5008A954540054247B /* Release */,
				356FF1300C40E7CA00CDD4B0 /* Beta */,
			);
			defaultConfigurationIsVisible = 0;
			defaultConfigurationName = Debug;
		};
/* End XCConfigurationList section */
	};
	rootObject = 29B97313FDCFA39411CA2CEA /* Project object */;
}
